version=v0.2.0
commit=e8f533009aff73d3ef93f95ebd1f5136b3a95a37
aarch64-apple-darwin=a7bc28a3d07812ee22355bca67f95371e2e16ce328710a2698747175e8761d37
x86_64-apple-darwin=f75d2e8722d026335adc76b570fedf72a4da72fd393b3a5b9ec7067cfd2b15df
aarch64-unknown-linux-gnu=2e110292a70e50f052f8e0354ca5da5f623d30d79a6f440e509fd3f54128203f
x86_64-unknown-linux-gnu=7483c188d93f7d86f1260a339ba548ab87a7c1a55bdb9afaf4c59df454fcef18
