version=v0.1.3
commit=7d14ff595f0038e0abd9ebdf7c855d56b30f70a9
aarch64-apple-darwin=b9b235fd09c74011c51f5a80014d6aadf0a890ecd2273f8d4b5e44a667b2ae31
x86_64-apple-darwin=6b88fbc72fc41fab68fcb561d74f87d329c1fe97882c362250123a0a1e022536
aarch64-unknown-linux-gnu=9aa0bf65935583bc1b306f2c837f6013a7b36a98e3f61c94c03e8a19f237ccda
x86_64-unknown-linux-gnu=4d70804c0cdb1b2fd2a60dd9f3cfc1ff809fa4a18072d78365e3d4efc9344126
