version=v0.1.2
commit=cbaed687cd89a7691d0b0465bc45e78b2526184c
aarch64-apple-darwin=06d6fde5cc98d2a7c2e8ba6d7bd0e81003072f243b694c0514a29595cf8fdddf
x86_64-apple-darwin=2e2eca0984c8c6f6d5e23d75907d52d0084a87786114a701f182d001c7256086
aarch64-unknown-linux-gnu=c552a444577d8462d9be00f447b9188e9712cb249547a775ba009d341a0f2ba6
x86_64-unknown-linux-gnu=ccb49374ca7d0450ca4bf409cbda64a15dd2954112392b3bc0f28026f0d96bea
